
Microsoft Visual Studio Solution File, Format Version 12.00
# Visual Studio Version 17
VisualStudioVersion = 17.7.34024.191
MinimumVisualStudioVersion = 10.0.40219.1
Project("{FAE04EC0-301F-11D3-BF4B-00C04F79EFBC}") = "wcf_chat", "wcf_chat.csproj", "{4B93166F-D312-4F9D-8B73-BB68398DC04B}"
EndProject
Project("{FAE04EC0-301F-11D3-BF4B-00C04F79EFBC}") = "ChatHost", "..\ChatHost\ChatHost.csproj", "{EA2FD8BC-8937-4BE6-85F2-20DE11532998}"
EndProject
Project("{FAE04EC0-301F-11D3-BF4B-00C04F79EFBC}") = "Chat_Client", "..\Chat_Client\Chat_Client.csproj", "{52BAA85D-DB64-4DC2-9F68-C7E6F6CDA077}"
EndProject
Global
	GlobalSection(SolutionConfigurationPlatforms) = preSolution
		Debug|Any CPU = Debug|Any CPU
		Release|Any CPU = Release|Any CPU
	EndGlobalSection
	GlobalSection(ProjectConfigurationPlatforms) = postSolution
		{4B93166F-D312-4F9D-8B73-BB68398DC04B}.Debug|Any CPU.ActiveCfg = Debug|Any CPU
		{4B93166F-D312-4F9D-8B73-BB68398DC04B}.Debug|Any CPU.Build.0 = Debug|Any CPU
		{4B93166F-D312-4F9D-8B73-BB68398DC04B}.Release|Any CPU.ActiveCfg = Release|Any CPU
		{4B93166F-D312-4F9D-8B73-BB68398DC04B}.Release|Any CPU.Build.0 = Release|Any CPU
		{EA2FD8BC-8937-4BE6-85F2-20DE11532998}.Debug|Any CPU.ActiveCfg = Debug|Any CPU
		{EA2FD8BC-8937-4BE6-85F2-20DE11532998}.Debug|Any CPU.Build.0 = Debug|Any CPU
		{EA2FD8BC-8937-4BE6-85F2-20DE11532998}.Release|Any CPU.ActiveCfg = Release|Any CPU
		{EA2FD8BC-8937-4BE6-85F2-20DE11532998}.Release|Any CPU.Build.0 = Release|Any CPU
		{52BAA85D-DB64-4DC2-9F68-C7E6F6CDA077}.Debug|Any CPU.ActiveCfg = Debug|Any CPU
		{52BAA85D-DB64-4DC2-9F68-C7E6F6CDA077}.Debug|Any CPU.Build.0 = Debug|Any CPU
		{52BAA85D-DB64-4DC2-9F68-C7E6F6CDA077}.Release|Any CPU.ActiveCfg = Release|Any CPU
		{52BAA85D-DB64-4DC2-9F68-C7E6F6CDA077}.Release|Any CPU.Build.0 = Release|Any CPU
	EndGlobalSection
	GlobalSection(SolutionProperties) = preSolution
		HideSolutionNode = FALSE
	EndGlobalSection
	GlobalSection(ExtensibilityGlobals) = postSolution
		SolutionGuid = {B0785B12-77EF-4550-8642-BCAD037345E6}
	EndGlobalSection
EndGlobal
